// !$*UTF8*$!
{
	archiveVersion = 1;
	classes = {
	};
	objectVersion = 51;
	objects = {

/* Begin PBXBuildFile section */
		70BC8C832326778B006CD21E /* AppDelegate.m in Sources */ = {isa = PBXBuildFile; fileRef = 70BC8C822326778B006CD21E /* AppDelegate.m */; };
		70BC8C862326778B006CD21E /* ViewController.m in Sources */ = {isa = PBXBuildFile; fileRef = 70BC8C852326778B006CD21E /* ViewController.m */; };
		70BC8C892326778B006CD21E /* Main.storyboard in Resources */ = {isa = PBXBuildFile; fileRef = 70BC8C872326778B006CD21E /* Main.storyboard */; };
		70BC8C8B2326778C006CD21E /* Assets.xcassets in Resources */ = {isa = PBXBuildFile; fileRef = 70BC8C8A2326778C006CD21E /* Assets.xcassets */; };
		70BC8C8E2326778C006CD21E /* LaunchScreen.storyboard in Resources */ = {isa = PBXBuildFile; fileRef = 70BC8C8C2326778C006CD21E /* LaunchScreen.storyboard */; };
		70BC8C912326778C006CD21E /* main.m in Sources */ = {isa = PBXBuildFile; fileRef = 70BC8C902326778C006CD21E /* main.m */; };
		70BC8C9B2326778C006CD21E /* DistanceTests.m in Sources */ = {isa = PBXBuildFile; fileRef = 70BC8C9A2326778C006CD21E /* DistanceTests.m */; };
		70BC8CA62326778C006CD21E /* DistanceUITests.m in Sources */ = {isa = PBXBuildFile; fileRef = 70BC8CA52326778C006CD21E /* DistanceUITests.m */; };
		70F0880F23269503008919CE /* TYCommonRequest.m in Sources */ = {isa = PBXBuildFile; fileRef = 70F0880E23269503008919CE /* TYCommonRequest.m */; };
		70F08814232696F2008919CE /* DisLoginController.xml in Resources */ = {isa = PBXBuildFile; fileRef = 70F08812232696F2008919CE /* DisLoginController.xml */; };
		70F08815232696F2008919CE /* DisLoginController.m in Sources */ = {isa = PBXBuildFile; fileRef = 70F08813232696F2008919CE /* DisLoginController.m */; };
		70F08821232697D9008919CE /* TYSPNaviBar.m in Sources */ = {isa = PBXBuildFile; fileRef = 70F0881B232697D8008919CE /* TYSPNaviBar.m */; };
		70F08822232697D9008919CE /* TYSPNaviBar.xml in Resources */ = {isa = PBXBuildFile; fileRef = 70F0881C232697D8008919CE /* TYSPNaviBar.xml */; };
		70F08823232697D9008919CE /* FlexBaseWithNaviViewController.m in Sources */ = {isa = PBXBuildFile; fileRef = 70F0881E232697D8008919CE /* FlexBaseWithNaviViewController.m */; };
		70F08824232697D9008919CE /* FlexBasePresentViewController.m in Sources */ = {isa = PBXBuildFile; fileRef = 70F0881F232697D8008919CE /* FlexBasePresentViewController.m */; };
		70F08825232697D9008919CE /* FlexBaseWithoutNaviViewController.m in Sources */ = {isa = PBXBuildFile; fileRef = 70F08820232697D8008919CE /* FlexBaseWithoutNaviViewController.m */; };
		70F0882923269854008919CE /* tools.m in Sources */ = {isa = PBXBuildFile; fileRef = 70F0882823269854008919CE /* tools.m */; };
		72C1747D9AA0B1E59B8922F2 /* libPods-Distance.a in Frameworks */ = {isa = PBXBuildFile; fileRef = 2B43AF4040EA1474BA445DFA /* libPods-Distance.a */; };
		B72287D5237E3A6800AE345D /* BGTaskManager.m in Sources */ = {isa = PBXBuildFile; fileRef = B72287D4237E3A6800AE345D /* BGTaskManager.m */; };
		B72287D8237E77C700AE345D /* BgDispatchTimer.m in Sources */ = {isa = PBXBuildFile; fileRef = B72287D7237E77C700AE345D /* BgDispatchTimer.m */; };
		B7606D2A2327420B00401830 /* DISUserInfo.m in Sources */ = {isa = PBXBuildFile; fileRef = B7606D292327420B00401830 /* DISUserInfo.m */; };
		B7606D2F23274D2700401830 /* LoginViewModel.m in Sources */ = {isa = PBXBuildFile; fileRef = B7606D2E23274D2700401830 /* LoginViewModel.m */; };
		B7606D3223274FD500401830 /* DisLoginReqest.m in Sources */ = {isa = PBXBuildFile; fileRef = B7606D3123274FD500401830 /* DisLoginReqest.m */; };
		B7606D362327722D00401830 /* DisLocationManager.m in Sources */ = {isa = PBXBuildFile; fileRef = B7606D352327722D00401830 /* DisLocationManager.m */; };
		B7606D3B232777CD00401830 /* MainViewController.xml in Resources */ = {isa = PBXBuildFile; fileRef = B7606D39232777CD00401830 /* MainViewController.xml */; };
		B7606D3C232777CD00401830 /* MainViewController.m in Sources */ = {isa = PBXBuildFile; fileRef = B7606D3A232777CD00401830 /* MainViewController.m */; };
		B7606D422327794900401830 /* DistanceListTableView.xml in Resources */ = {isa = PBXBuildFile; fileRef = B7606D402327794900401830 /* DistanceListTableView.xml */; };
		B7606D432327794900401830 /* DistanceListTableView.m in Sources */ = {isa = PBXBuildFile; fileRef = B7606D412327794900401830 /* DistanceListTableView.m */; };
		B7606D472327795B00401830 /* DistanceTableCell.xml in Resources */ = {isa = PBXBuildFile; fileRef = B7606D452327795B00401830 /* DistanceTableCell.xml */; };
		B7606D482327795B00401830 /* DistanceTableCell.m in Sources */ = {isa = PBXBuildFile; fileRef = B7606D462327795B00401830 /* DistanceTableCell.m */; };
		B7606D4C23277A5B00401830 /* DistanceModel.m in Sources */ = {isa = PBXBuildFile; fileRef = B7606D4B23277A5B00401830 /* DistanceModel.m */; };
		B7606D4F23277B2900401830 /* DistanceListReqest.m in Sources */ = {isa = PBXBuildFile; fileRef = B7606D4E23277B2900401830 /* DistanceListReqest.m */; };
		B7606D5223277D4B00401830 /* MainViewModel.m in Sources */ = {isa = PBXBuildFile; fileRef = B7606D5123277D4B00401830 /* MainViewModel.m */; };
		B7606D5523278D4D00401830 /* DisLocationUpdateReq.m in Sources */ = {isa = PBXBuildFile; fileRef = B7606D5423278D4D00401830 /* DisLocationUpdateReq.m */; };
		B7606D5923279C9200401830 /* UIScrollView+MJRefreshEX.m in Sources */ = {isa = PBXBuildFile; fileRef = B7606D5723279C9100401830 /* UIScrollView+MJRefreshEX.m */; };
		B7E504752373FAE600B28D20 /* DisLog.m in Sources */ = {isa = PBXBuildFile; fileRef = B7E504742373FAE600B28D20 /* DisLog.m */; };
		B7E50478237407C900B28D20 /* PRMovePathViewController.m in Sources */ = {isa = PBXBuildFile; fileRef = B7E50477237407C900B28D20 /* PRMovePathViewController.m */; };
/* End PBXBuildFile section */

/* Begin PBXContainerItemProxy section */
		70BC8C972326778C006CD21E /* PBXContainerItemProxy */ = {
			isa = PBXContainerItemProxy;
			containerPortal = 70BC8C762326778B006CD21E /* Project object */;
			proxyType = 1;
			remoteGlobalIDString = 70BC8C7D2326778B006CD21E;
			remoteInfo = Distance;
		};
		70BC8CA22326778C006CD21E /* PBXContainerItemProxy */ = {
			isa = PBXContainerItemProxy;
			containerPortal = 70BC8C762326778B006CD21E /* Project object */;
			proxyType = 1;
			remoteGlobalIDString = 70BC8C7D2326778B006CD21E;
			remoteInfo = Distance;
		};
/* End PBXContainerItemProxy section */

/* Begin PBXFileReference section */
		0866AE48D1F406BA5E1B77C4 /* Pods-Distance.debug.xcconfig */ = {isa = PBXFileReference; includeInIndex = 1; lastKnownFileType = text.xcconfig; name = "Pods-Distance.debug.xcconfig"; path = "Target Support Files/Pods-Distance/Pods-Distance.debug.xcconfig"; sourceTree = "<group>"; };
		2B43AF4040EA1474BA445DFA /* libPods-Distance.a */ = {isa = PBXFileReference; explicitFileType = archive.ar; includeInIndex = 0; path = "libPods-Distance.a"; sourceTree = BUILT_PRODUCTS_DIR; };
		70BC8C7E2326778B006CD21E /* Distance.app */ = {isa = PBXFileReference; explicitFileType = wrapper.application; includeInIndex = 0; path = Distance.app; sourceTree = BUILT_PRODUCTS_DIR; };
		70BC8C812326778B006CD21E /* AppDelegate.h */ = {isa = PBXFileReference; lastKnownFileType = sourcecode.c.h; path = AppDelegate.h; sourceTree = "<group>"; };
		70BC8C822326778B006CD21E /* AppDelegate.m */ = {isa = PBXFileReference; lastKnownFileType = sourcecode.c.objc; path = AppDelegate.m; sourceTree = "<group>"; };
		70BC8C842326778B006CD21E /* ViewController.h */ = {isa = PBXFileReference; lastKnownFileType = sourcecode.c.h; path = ViewController.h; sourceTree = "<group>"; };
		70BC8C852326778B006CD21E /* ViewController.m */ = {isa = PBXFileReference; lastKnownFileType = sourcecode.c.objc; path = ViewController.m; sourceTree = "<group>"; };
		70BC8C882326778B006CD21E /* Base */ = {isa = PBXFileReference; lastKnownFileType = file.storyboard; name = Base; path = Base.lproj/Main.storyboard; sourceTree = "<group>"; };
		70BC8C8A2326778C006CD21E /* Assets.xcassets */ = {isa = PBXFileReference; lastKnownFileType = folder.assetcatalog; path = Assets.xcassets; sourceTree = "<group>"; };
		70BC8C8D2326778C006CD21E /* Base */ = {isa = PBXFileReference; lastKnownFileType = file.storyboard; name = Base; path = Base.lproj/LaunchScreen.storyboard; sourceTree = "<group>"; };
		70BC8C8F2326778C006CD21E /* Info.plist */ = {isa = PBXFileReference; lastKnownFileType = text.plist.xml; path = Info.plist; sourceTree = "<group>"; };
		70BC8C902326778C006CD21E /* main.m */ = {isa = PBXFileReference; lastKnownFileType = sourcecode.c.objc; path = main.m; sourceTree = "<group>"; };
		70BC8C962326778C006CD21E /* DistanceTests.xctest */ = {isa = PBXFileReference; explicitFileType = wrapper.cfbundle; includeInIndex = 0; path = DistanceTests.xctest; sourceTree = BUILT_PRODUCTS_DIR; };
		70BC8C9A2326778C006CD21E /* DistanceTests.m */ = {isa = PBXFileReference; lastKnownFileType = sourcecode.c.objc; path = DistanceTests.m; sourceTree = "<group>"; };
		70BC8C9C2326778C006CD21E /* Info.plist */ = {isa = PBXFileReference; lastKnownFileType = text.plist.xml; path = Info.plist; sourceTree = "<group>"; };
		70BC8CA12326778C006CD21E /* DistanceUITests.xctest */ = {isa = PBXFileReference; explicitFileType = wrapper.cfbundle; includeInIndex = 0; path = DistanceUITests.xctest; sourceTree = BUILT_PRODUCTS_DIR; };
		70BC8CA52326778C006CD21E /* DistanceUITests.m */ = {isa = PBXFileReference; lastKnownFileType = sourcecode.c.objc; path = DistanceUITests.m; sourceTree = "<group>"; };
		70BC8CA72326778C006CD21E /* Info.plist */ = {isa = PBXFileReference; lastKnownFileType = text.plist.xml; path = Info.plist; sourceTree = "<group>"; };
		70F0880B23269503008919CE /* UIDefine.h */ = {isa = PBXFileReference; fileEncoding = 4; lastKnownFileType = sourcecode.c.h; path = UIDefine.h; sourceTree = "<group>"; };
		70F0880D23269503008919CE /* TYCommonRequest.h */ = {isa = PBXFileReference; fileEncoding = 4; lastKnownFileType = sourcecode.c.h; path = TYCommonRequest.h; sourceTree = "<group>"; };
		70F0880E23269503008919CE /* TYCommonRequest.m */ = {isa = PBXFileReference; fileEncoding = 4; lastKnownFileType = sourcecode.c.objc; path = TYCommonRequest.m; sourceTree = "<group>"; };
		70F08811232696F2008919CE /* DisLoginController.h */ = {isa = PBXFileReference; lastKnownFileType = sourcecode.c.h; path = DisLoginController.h; sourceTree = "<group>"; };
		70F08812232696F2008919CE /* DisLoginController.xml */ = {isa = PBXFileReference; lastKnownFileType = text.xml; path = DisLoginController.xml; sourceTree = "<group>"; };
		70F08813232696F2008919CE /* DisLoginController.m */ = {isa = PBXFileReference; lastKnownFileType = sourcecode.c.objc; path = DisLoginController.m; sourceTree = "<group>"; };
		70F08817232697D8008919CE /* FlexBaseWithNaviViewController.h */ = {isa = PBXFileReference; fileEncoding = 4; lastKnownFileType = sourcecode.c.h; path = FlexBaseWithNaviViewController.h; sourceTree = "<group>"; };
		70F08818232697D8008919CE /* FlexBaseWithoutNaviViewController.h */ = {isa = PBXFileReference; fileEncoding = 4; lastKnownFileType = sourcecode.c.h; path = FlexBaseWithoutNaviViewController.h; sourceTree = "<group>"; };
		70F08819232697D8008919CE /* FlexBasePresentViewController.h */ = {isa = PBXFileReference; fileEncoding = 4; lastKnownFileType = sourcecode.c.h; path = FlexBasePresentViewController.h; sourceTree = "<group>"; };
		70F0881B232697D8008919CE /* TYSPNaviBar.m */ = {isa = PBXFileReference; fileEncoding = 4; lastKnownFileType = sourcecode.c.objc; path = TYSPNaviBar.m; sourceTree = "<group>"; };
		70F0881C232697D8008919CE /* TYSPNaviBar.xml */ = {isa = PBXFileReference; fileEncoding = 4; lastKnownFileType = text.xml; path = TYSPNaviBar.xml; sourceTree = "<group>"; };
		70F0881D232697D8008919CE /* TYSPNaviBar.h */ = {isa = PBXFileReference; fileEncoding = 4; lastKnownFileType = sourcecode.c.h; path = TYSPNaviBar.h; sourceTree = "<group>"; };
		70F0881E232697D8008919CE /* FlexBaseWithNaviViewController.m */ = {isa = PBXFileReference; fileEncoding = 4; lastKnownFileType = sourcecode.c.objc; path = FlexBaseWithNaviViewController.m; sourceTree = "<group>"; };
		70F0881F232697D8008919CE /* FlexBasePresentViewController.m */ = {isa = PBXFileReference; fileEncoding = 4; lastKnownFileType = sourcecode.c.objc; path = FlexBasePresentViewController.m; sourceTree = "<group>"; };
		70F08820232697D8008919CE /* FlexBaseWithoutNaviViewController.m */ = {isa = PBXFileReference; fileEncoding = 4; lastKnownFileType = sourcecode.c.objc; path = FlexBaseWithoutNaviViewController.m; sourceTree = "<group>"; };
		70F0882623269822008919CE /* DistancePch.pch */ = {isa = PBXFileReference; lastKnownFileType = sourcecode.c.h; path = DistancePch.pch; sourceTree = "<group>"; };
		70F0882723269854008919CE /* tools.h */ = {isa = PBXFileReference; fileEncoding = 4; lastKnownFileType = sourcecode.c.h; path = tools.h; sourceTree = "<group>"; };
		70F0882823269854008919CE /* tools.m */ = {isa = PBXFileReference; fileEncoding = 4; lastKnownFileType = sourcecode.c.objc; path = tools.m; sourceTree = "<group>"; };
		B72287D3237E3A6800AE345D /* BGTaskManager.h */ = {isa = PBXFileReference; lastKnownFileType = sourcecode.c.h; path = BGTaskManager.h; sourceTree = "<group>"; };
		B72287D4237E3A6800AE345D /* BGTaskManager.m */ = {isa = PBXFileReference; lastKnownFileType = sourcecode.c.objc; path = BGTaskManager.m; sourceTree = "<group>"; };
		B72287D6237E77C700AE345D /* BgDispatchTimer.h */ = {isa = PBXFileReference; fileEncoding = 4; lastKnownFileType = sourcecode.c.h; path = BgDispatchTimer.h; sourceTree = "<group>"; };
		B72287D7237E77C700AE345D /* BgDispatchTimer.m */ = {isa = PBXFileReference; fileEncoding = 4; lastKnownFileType = sourcecode.c.objc; path = BgDispatchTimer.m; sourceTree = "<group>"; };
		B7606D282327420B00401830 /* DISUserInfo.h */ = {isa = PBXFileReference; lastKnownFileType = sourcecode.c.h; path = DISUserInfo.h; sourceTree = "<group>"; };
		B7606D292327420B00401830 /* DISUserInfo.m */ = {isa = PBXFileReference; lastKnownFileType = sourcecode.c.objc; path = DISUserInfo.m; sourceTree = "<group>"; };
		B7606D2D23274D2700401830 /* LoginViewModel.h */ = {isa = PBXFileReference; lastKnownFileType = sourcecode.c.h; path = LoginViewModel.h; sourceTree = "<group>"; };
		B7606D2E23274D2700401830 /* LoginViewModel.m */ = {isa = PBXFileReference; lastKnownFileType = sourcecode.c.objc; path = LoginViewModel.m; sourceTree = "<group>"; };
		B7606D3023274FD500401830 /* DisLoginReqest.h */ = {isa = PBXFileReference; lastKnownFileType = sourcecode.c.h; path = DisLoginReqest.h; sourceTree = "<group>"; };
		B7606D3123274FD500401830 /* DisLoginReqest.m */ = {isa = PBXFileReference; lastKnownFileType = sourcecode.c.objc; path = DisLoginReqest.m; sourceTree = "<group>"; };
		B7606D342327722D00401830 /* DisLocationManager.h */ = {isa = PBXFileReference; lastKnownFileType = sourcecode.c.h; path = DisLocationManager.h; sourceTree = "<group>"; };
		B7606D352327722D00401830 /* DisLocationManager.m */ = {isa = PBXFileReference; lastKnownFileType = sourcecode.c.objc; path = DisLocationManager.m; sourceTree = "<group>"; };
		B7606D38232777CD00401830 /* MainViewController.h */ = {isa = PBXFileReference; lastKnownFileType = sourcecode.c.h; path = MainViewController.h; sourceTree = "<group>"; };
		B7606D39232777CD00401830 /* MainViewController.xml */ = {isa = PBXFileReference; lastKnownFileType = text.xml; path = MainViewController.xml; sourceTree = "<group>"; };
		B7606D3A232777CD00401830 /* MainViewController.m */ = {isa = PBXFileReference; lastKnownFileType = sourcecode.c.objc; path = MainViewController.m; sourceTree = "<group>"; };
		B7606D3F2327794900401830 /* DistanceListTableView.h */ = {isa = PBXFileReference; lastKnownFileType = sourcecode.c.h; path = DistanceListTableView.h; sourceTree = "<group>"; };
		B7606D402327794900401830 /* DistanceListTableView.xml */ = {isa = PBXFileReference; lastKnownFileType = text.xml; path = DistanceListTableView.xml; sourceTree = "<group>"; };
		B7606D412327794900401830 /* DistanceListTableView.m */ = {isa = PBXFileReference; lastKnownFileType = sourcecode.c.objc; path = DistanceListTableView.m; sourceTree = "<group>"; };
		B7606D442327795B00401830 /* DistanceTableCell.h */ = {isa = PBXFileReference; lastKnownFileType = sourcecode.c.h; path = DistanceTableCell.h; sourceTree = "<group>"; };
		B7606D452327795B00401830 /* DistanceTableCell.xml */ = {isa = PBXFileReference; lastKnownFileType = text.xml; path = DistanceTableCell.xml; sourceTree = "<group>"; };
		B7606D462327795B00401830 /* DistanceTableCell.m */ = {isa = PBXFileReference; lastKnownFileType = sourcecode.c.objc; path = DistanceTableCell.m; sourceTree = "<group>"; };
		B7606D4A23277A5B00401830 /* DistanceModel.h */ = {isa = PBXFileReference; lastKnownFileType = sourcecode.c.h; path = DistanceModel.h; sourceTree = "<group>"; };
		B7606D4B23277A5B00401830 /* DistanceModel.m */ = {isa = PBXFileReference; lastKnownFileType = sourcecode.c.objc; path = DistanceModel.m; sourceTree = "<group>"; };
		B7606D4D23277B2900401830 /* DistanceListReqest.h */ = {isa = PBXFileReference; lastKnownFileType = sourcecode.c.h; path = DistanceListReqest.h; sourceTree = "<group>"; };
		B7606D4E23277B2900401830 /* DistanceListReqest.m */ = {isa = PBXFileReference; lastKnownFileType = sourcecode.c.objc; path = DistanceListReqest.m; sourceTree = "<group>"; };
		B7606D5023277D4B00401830 /* MainViewModel.h */ = {isa = PBXFileReference; lastKnownFileType = sourcecode.c.h; path = MainViewModel.h; sourceTree = "<group>"; };
		B7606D5123277D4B00401830 /* MainViewModel.m */ = {isa = PBXFileReference; lastKnownFileType = sourcecode.c.objc; path = MainViewModel.m; sourceTree = "<group>"; };
		B7606D5323278D4D00401830 /* DisLocationUpdateReq.h */ = {isa = PBXFileReference; lastKnownFileType = sourcecode.c.h; path = DisLocationUpdateReq.h; sourceTree = "<group>"; };
		B7606D5423278D4D00401830 /* DisLocationUpdateReq.m */ = {isa = PBXFileReference; lastKnownFileType = sourcecode.c.objc; path = DisLocationUpdateReq.m; sourceTree = "<group>"; };
		B7606D5723279C9100401830 /* UIScrollView+MJRefreshEX.m */ = {isa = PBXFileReference; fileEncoding = 4; lastKnownFileType = sourcecode.c.objc; path = "UIScrollView+MJRefreshEX.m"; sourceTree = "<group>"; };
		B7606D5823279C9100401830 /* UIScrollView+MJRefreshEX.h */ = {isa = PBXFileReference; fileEncoding = 4; lastKnownFileType = sourcecode.c.h; path = "UIScrollView+MJRefreshEX.h"; sourceTree = "<group>"; };
		B7E504732373FAE600B28D20 /* DisLog.h */ = {isa = PBXFileReference; lastKnownFileType = sourcecode.c.h; path = DisLog.h; sourceTree = "<group>"; };
		B7E504742373FAE600B28D20 /* DisLog.m */ = {isa = PBXFileReference; lastKnownFileType = sourcecode.c.objc; path = DisLog.m; sourceTree = "<group>"; };
		B7E50476237407C900B28D20 /* PRMovePathViewController.h */ = {isa = PBXFileReference; fileEncoding = 4; lastKnownFileType = sourcecode.c.h; path = PRMovePathViewController.h; sourceTree = "<group>"; };
		B7E50477237407C900B28D20 /* PRMovePathViewController.m */ = {isa = PBXFileReference; fileEncoding = 4; lastKnownFileType = sourcecode.c.objc; path = PRMovePathViewController.m; sourceTree = "<group>"; };
		EBBA4DCCFFDF6EE386A18D9A /* Pods-Distance.release.xcconfig */ = {isa = PBXFileReference; includeInIndex = 1; lastKnownFileType = text.xcconfig; name = "Pods-Distance.release.xcconfig"; path = "Target Support Files/Pods-Distance/Pods-Distance.release.xcconfig"; sourceTree = "<group>"; };
/* End PBXFileReference section */

/* Begin PBXFrameworksBuildPhase section */
		70BC8C7B2326778B006CD21E /* Frameworks */ = {
			isa = PBXFrameworksBuildPhase;
			buildActionMask = 2147483647;
			files = (
				72C1747D9AA0B1E59B8922F2 /* libPods-Distance.a in Frameworks */,
			);
			runOnlyForDeploymentPostprocessing = 0;
		};
		70BC8C932326778C006CD21E /* Frameworks */ = {
			isa = PBXFrameworksBuildPhase;
			buildActionMask = 2147483647;
			files = (
			);
			runOnlyForDeploymentPostprocessing = 0;
		};
		70BC8C9E2326778C006CD21E /* Frameworks */ = {
			isa = PBXFrameworksBuildPhase;
			buildActionMask = 2147483647;
			files = (
			);
			runOnlyForDeploymentPostprocessing = 0;
		};
/* End PBXFrameworksBuildPhase section */

/* Begin PBXGroup section */
		70BC8C752326778B006CD21E = {
			isa = PBXGroup;
			children = (
				70BC8C802326778B006CD21E /* Distance */,
				70BC8C992326778C006CD21E /* DistanceTests */,
				70BC8CA42326778C006CD21E /* DistanceUITests */,
				70BC8C7F2326778B006CD21E /* Products */,
				EC921FF1D7E32F28CA5930E3 /* Pods */,
				D9EAB1160439E4C1B869CEF7 /* Frameworks */,
			);
			sourceTree = "<group>";
		};
		70BC8C7F2326778B006CD21E /* Products */ = {
			isa = PBXGroup;
			children = (
				70BC8C7E2326778B006CD21E /* Distance.app */,
				70BC8C962326778C006CD21E /* DistanceTests.xctest */,
				70BC8CA12326778C006CD21E /* DistanceUITests.xctest */,
			);
			name = Products;
			sourceTree = "<group>";
		};
		70BC8C802326778B006CD21E /* Distance */ = {
			isa = PBXGroup;
			children = (
				B72287D2237E3A3100AE345D /* Background */,
				B7E504722373FAA900B28D20 /* log */,
				B7606D332327721300401830 /* location */,
				B7606D27232741DD00401830 /* user */,
				70F08810232696D9008919CE /* Controller */,
				70F0880A23269503008919CE /* lib */,
				70F0880C23269503008919CE /* Network */,
				70BC8C812326778B006CD21E /* AppDelegate.h */,
				70BC8C822326778B006CD21E /* AppDelegate.m */,
				70BC8C842326778B006CD21E /* ViewController.h */,
				70BC8C852326778B006CD21E /* ViewController.m */,
				70BC8C872326778B006CD21E /* Main.storyboard */,
				70BC8C8A2326778C006CD21E /* Assets.xcassets */,
				70F0882623269822008919CE /* DistancePch.pch */,
				70BC8C8C2326778C006CD21E /* LaunchScreen.storyboard */,
				70BC8C8F2326778C006CD21E /* Info.plist */,
				70BC8C902326778C006CD21E /* main.m */,
			);
			path = Distance;
			sourceTree = "<group>";
		};
		70BC8C992326778C006CD21E /* DistanceTests */ = {
			isa = PBXGroup;
			children = (
				70BC8C9A2326778C006CD21E /* DistanceTests.m */,
				70BC8C9C2326778C006CD21E /* Info.plist */,
			);
			path = DistanceTests;
			sourceTree = "<group>";
		};
		70BC8CA42326778C006CD21E /* DistanceUITests */ = {
			isa = PBXGroup;
			children = (
				70BC8CA52326778C006CD21E /* DistanceUITests.m */,
				70BC8CA72326778C006CD21E /* Info.plist */,
			);
			path = DistanceUITests;
			sourceTree = "<group>";
		};
		70F0880A23269503008919CE /* lib */ = {
			isa = PBXGroup;
			children = (
				B7606D5623279C9100401830 /* UIScrollVIew+MJRefreshEx */,
				70F0882723269854008919CE /* tools.h */,
				70F0882823269854008919CE /* tools.m */,
				70F0880B23269503008919CE /* UIDefine.h */,
			);
			path = lib;
			sourceTree = "<group>";
		};
		70F0880C23269503008919CE /* Network */ = {
			isa = PBXGroup;
			children = (
				70F0880D23269503008919CE /* TYCommonRequest.h */,
				70F0880E23269503008919CE /* TYCommonRequest.m */,
				B7606D3023274FD500401830 /* DisLoginReqest.h */,
				B7606D3123274FD500401830 /* DisLoginReqest.m */,
				B7606D4D23277B2900401830 /* DistanceListReqest.h */,
				B7606D4E23277B2900401830 /* DistanceListReqest.m */,
				B7606D5323278D4D00401830 /* DisLocationUpdateReq.h */,
				B7606D5423278D4D00401830 /* DisLocationUpdateReq.m */,
			);
			path = Network;
			sourceTree = "<group>";
		};
		70F08810232696D9008919CE /* Controller */ = {
			isa = PBXGroup;
			children = (
				B7606D37232773C400401830 /* MainController */,
				B7606D2B23274CC900401830 /* Login */,
				70F08816232697D8008919CE /* BaseController */,
			);
			path = Controller;
			sourceTree = "<group>";
		};
		70F08816232697D8008919CE /* BaseController */ = {
			isa = PBXGroup;
			children = (
				70F08817232697D8008919CE /* FlexBaseWithNaviViewController.h */,
				70F08818232697D8008919CE /* FlexBaseWithoutNaviViewController.h */,
				70F08819232697D8008919CE /* FlexBasePresentViewController.h */,
				70F0881A232697D8008919CE /* TYSPNaviBar */,
				70F0881E232697D8008919CE /* FlexBaseWithNaviViewController.m */,
				70F0881F232697D8008919CE /* FlexBasePresentViewController.m */,
				70F08820232697D8008919CE /* FlexBaseWithoutNaviViewController.m */,
			);
			path = BaseController;
			sourceTree = "<group>";
		};
		70F0881A232697D8008919CE /* TYSPNaviBar */ = {
			isa = PBXGroup;
			children = (
				70F0881B232697D8008919CE /* TYSPNaviBar.m */,
				70F0881C232697D8008919CE /* TYSPNaviBar.xml */,
				70F0881D232697D8008919CE /* TYSPNaviBar.h */,
			);
			path = TYSPNaviBar;
			sourceTree = "<group>";
		};
		B72287D2237E3A3100AE345D /* Background */ = {
			isa = PBXGroup;
			children = (
				B72287D3237E3A6800AE345D /* BGTaskManager.h */,
				B72287D4237E3A6800AE345D /* BGTaskManager.m */,
				B72287D6237E77C700AE345D /* BgDispatchTimer.h */,
				B72287D7237E77C700AE345D /* BgDispatchTimer.m */,
			);
			path = Background;
			sourceTree = "<group>";
		};
		B7606D27232741DD00401830 /* user */ = {
			isa = PBXGroup;
			children = (
				B7606D282327420B00401830 /* DISUserInfo.h */,
				B7606D292327420B00401830 /* DISUserInfo.m */,
			);
			path = user;
			sourceTree = "<group>";
		};
		B7606D2B23274CC900401830 /* Login */ = {
			isa = PBXGroup;
			children = (
				B7606D2C23274D0300401830 /* ViewModel */,
				70F08811232696F2008919CE /* DisLoginController.h */,
				70F08812232696F2008919CE /* DisLoginController.xml */,
				70F08813232696F2008919CE /* DisLoginController.m */,
			);
			path = Login;
			sourceTree = "<group>";
		};
		B7606D2C23274D0300401830 /* ViewModel */ = {
			isa = PBXGroup;
			children = (
				B7606D2D23274D2700401830 /* LoginViewModel.h */,
				B7606D2E23274D2700401830 /* LoginViewModel.m */,
			);
			path = ViewModel;
			sourceTree = "<group>";
		};
		B7606D332327721300401830 /* location */ = {
			isa = PBXGroup;
			children = (
				B7606D342327722D00401830 /* DisLocationManager.h */,
				B7606D352327722D00401830 /* DisLocationManager.m */,
			);
			path = location;
			sourceTree = "<group>";
		};
		B7606D37232773C400401830 /* MainController */ = {
			isa = PBXGroup;
			children = (
				B7606D4923277A4000401830 /* model */,
				B7606D3E2327790600401830 /* viewModel */,
				B7606D3D232778F800401830 /* listTable */,
				B7606D38232777CD00401830 /* MainViewController.h */,
				B7606D39232777CD00401830 /* MainViewController.xml */,
				B7606D3A232777CD00401830 /* MainViewController.m */,
			);
			path = MainController;
			sourceTree = "<group>";
		};
		B7606D3D232778F800401830 /* listTable */ = {
			isa = PBXGroup;
			children = (
				B7606D3F2327794900401830 /* DistanceListTableView.h */,
				B7606D402327794900401830 /* DistanceListTableView.xml */,
				B7606D412327794900401830 /* DistanceListTableView.m */,
				B7606D442327795B00401830 /* DistanceTableCell.h */,
				B7606D452327795B00401830 /* DistanceTableCell.xml */,
				B7606D462327795B00401830 /* DistanceTableCell.m */,
			);
			path = listTable;
			sourceTree = "<group>";
		};
		B7606D3E2327790600401830 /* viewModel */ = {
			isa = PBXGroup;
			children = (
				B7606D5023277D4B00401830 /* MainViewModel.h */,
				B7606D5123277D4B00401830 /* MainViewModel.m */,
			);
			path = viewModel;
			sourceTree = "<group>";
		};
		B7606D4923277A4000401830 /* model */ = {
			isa = PBXGroup;
			children = (
				B7606D4A23277A5B00401830 /* DistanceModel.h */,
				B7606D4B23277A5B00401830 /* DistanceModel.m */,
			);
			path = model;
			sourceTree = "<group>";
		};
		B7606D5623279C9100401830 /* UIScrollVIew+MJRefreshEx */ = {
			isa = PBXGroup;
			children = (
				B7606D5723279C9100401830 /* UIScrollView+MJRefreshEX.m */,
				B7606D5823279C9100401830 /* UIScrollView+MJRefreshEX.h */,
			);
			path = "UIScrollVIew+MJRefreshEx";
			sourceTree = "<group>";
		};
		B7E504722373FAA900B28D20 /* log */ = {
			isa = PBXGroup;
			children = (
				B7E504732373FAE600B28D20 /* DisLog.h */,
				B7E504742373FAE600B28D20 /* DisLog.m */,
				B7E50476237407C900B28D20 /* PRMovePathViewController.h */,
				B7E50477237407C900B28D20 /* PRMovePathViewController.m */,
			);
			path = log;
			sourceTree = "<group>";
		};
		D9EAB1160439E4C1B869CEF7 /* Frameworks */ = {
			isa = PBXGroup;
			children = (
				2B43AF4040EA1474BA445DFA /* libPods-Distance.a */,
			);
			name = Frameworks;
			sourceTree = "<group>";
		};
		EC921FF1D7E32F28CA5930E3 /* Pods */ = {
			isa = PBXGroup;
			children = (
				0866AE48D1F406BA5E1B77C4 /* Pods-Distance.debug.xcconfig */,
				EBBA4DCCFFDF6EE386A18D9A /* Pods-Distance.release.xcconfig */,
			);
			path = Pods;
			sourceTree = "<group>";
		};
/* End PBXGroup section */

/* Begin PBXNativeTarget section */
		70BC8C7D2326778B006CD21E /* Distance */ = {
			isa = PBXNativeTarget;
			buildConfigurationList = 70BC8CAA2326778C006CD21E /* Build configuration list for PBXNativeTarget "Distance" */;
			buildPhases = (
				E9591DED443A780A9CD16798 /* [CP] Check Pods Manifest.lock */,
				70BC8C7A2326778B006CD21E /* Sources */,
				70BC8C7B2326778B006CD21E /* Frameworks */,
				70BC8C7C2326778B006CD21E /* Resources */,
				76059B6355648C6B52C7CB8D /* [CP] Copy Pods Resources */,
			);
			buildRules = (
			);
			dependencies = (
			);
			name = Distance;
			productName = Distance;
			productReference = 70BC8C7E2326778B006CD21E /* Distance.app */;
			productType = "com.apple.product-type.application";
		};
		70BC8C952326778C006CD21E /* DistanceTests */ = {
			isa = PBXNativeTarget;
			buildConfigurationList = 70BC8CAD2326778C006CD21E /* Build configuration list for PBXNativeTarget "DistanceTests" */;
			buildPhases = (
				70BC8C922326778C006CD21E /* Sources */,
				70BC8C932326778C006CD21E /* Frameworks */,
				70BC8C942326778C006CD21E /* Resources */,
			);
			buildRules = (
			);
			dependencies = (
				70BC8C982326778C006CD21E /* PBXTargetDependency */,
			);
			name = DistanceTests;
			productName = DistanceTests;
			productReference = 70BC8C962326778C006CD21E /* DistanceTests.xctest */;
			productType = "com.apple.product-type.bundle.unit-test";
		};
		70BC8CA02326778C006CD21E /* DistanceUITests */ = {
			isa = PBXNativeTarget;
			buildConfigurationList = 70BC8CB02326778C006CD21E /* Build configuration list for PBXNativeTarget "DistanceUITests" */;
			buildPhases = (
				70BC8C9D2326778C006CD21E /* Sources */,
				70BC8C9E2326778C006CD21E /* Frameworks */,
				70BC8C9F2326778C006CD21E /* Resources */,
			);
			buildRules = (
			);
			dependencies = (
				70BC8CA32326778C006CD21E /* PBXTargetDependency */,
			);
			name = DistanceUITests;
			productName = DistanceUITests;
			productReference = 70BC8CA12326778C006CD21E /* DistanceUITests.xctest */;
			productType = "com.apple.product-type.bundle.ui-testing";
		};
/* End PBXNativeTarget section */

/* Begin PBXProject section */
		70BC8C762326778B006CD21E /* Project object */ = {
			isa = PBXProject;
			attributes = {
				LastUpgradeCheck = 1010;
				ORGANIZATIONNAME = "张信涛";
				TargetAttributes = {
					70BC8C7D2326778B006CD21E = {
						CreatedOnToolsVersion = 10.1;
						SystemCapabilities = {
							com.apple.BackgroundModes = {
								enabled = 1;
							};
						};
					};
					70BC8C952326778C006CD21E = {
						CreatedOnToolsVersion = 10.1;
						TestTargetID = 70BC8C7D2326778B006CD21E;
					};
					70BC8CA02326778C006CD21E = {
						CreatedOnToolsVersion = 10.1;
						TestTargetID = 70BC8C7D2326778B006CD21E;
					};
				};
			};
			buildConfigurationList = 70BC8C792326778B006CD21E /* Build configuration list for PBXProject "Distance" */;
			compatibilityVersion = "Xcode 9.3";
			developmentRegion = en;
			hasScannedForEncodings = 0;
			knownRegions = (
				en,
				Base,
			);
			mainGroup = 70BC8C752326778B006CD21E;
			productRefGroup = 70BC8C7F2326778B006CD21E /* Products */;
			projectDirPath = "";
			projectRoot = "";
			targets = (
				70BC8C7D2326778B006CD21E /* Distance */,
				70BC8C952326778C006CD21E /* DistanceTests */,
				70BC8CA02326778C006CD21E /* DistanceUITests */,
			);
		};
/* End PBXProject section */

/* Begin PBXResourcesBuildPhase section */
		70BC8C7C2326778B006CD21E /* Resources */ = {
			isa = PBXResourcesBuildPhase;
			buildActionMask = 2147483647;
			files = (
				B7606D422327794900401830 /* DistanceListTableView.xml in Resources */,
				70BC8C8E2326778C006CD21E /* LaunchScreen.storyboard in Resources */,
				B7606D3B232777CD00401830 /* MainViewController.xml in Resources */,
				70BC8C8B2326778C006CD21E /* Assets.xcassets in Resources */,
				70F08822232697D9008919CE /* TYSPNaviBar.xml in Resources */,
				70F08814232696F2008919CE /* DisLoginController.xml in Resources */,
				70BC8C892326778B006CD21E /* Main.storyboard in Resources */,
				B7606D472327795B00401830 /* DistanceTableCell.xml in Resources */,
			);
			runOnlyForDeploymentPostprocessing = 0;
		};
		70BC8C942326778C006CD21E /* Resources */ = {
			isa = PBXResourcesBuildPhase;
			buildActionMask = 2147483647;
			files = (
			);
			runOnlyForDeploymentPostprocessing = 0;
		};
		70BC8C9F2326778C006CD21E /* Resources */ = {
			isa = PBXResourcesBuildPhase;
			buildActionMask = 2147483647;
			files = (
			);
			runOnlyForDeploymentPostprocessing = 0;
		};
/* End PBXResourcesBuildPhase section */

/* Begin PBXShellScriptBuildPhase section */
		76059B6355648C6B52C7CB8D /* [CP] Copy Pods Resources */ = {
			isa = PBXShellScriptBuildPhase;
			buildActionMask = 2147483647;
			files = (
			);
			inputFileListPaths = (
				"${PODS_ROOT}/Target Support Files/Pods-Distance/Pods-Distance-resources-${CONFIGURATION}-input-files.xcfilelist",
			);
			name = "[CP] Copy Pods Resources";
			outputFileListPaths = (
				"${PODS_ROOT}/Target Support Files/Pods-Distance/Pods-Distance-resources-${CONFIGURATION}-output-files.xcfilelist",
			);
			runOnlyForDeploymentPostprocessing = 0;
			shellPath = /bin/sh;
			shellScript = "\"${PODS_ROOT}/Target Support Files/Pods-Distance/Pods-Distance-resources.sh\"\n";
			showEnvVarsInLog = 0;
		};
		E9591DED443A780A9CD16798 /* [CP] Check Pods Manifest.lock */ = {
			isa = PBXShellScriptBuildPhase;
			buildActionMask = 2147483647;
			files = (
			);
			inputFileListPaths = (
			);
			inputPaths = (
				"${PODS_PODFILE_DIR_PATH}/Podfile.lock",
				"${PODS_ROOT}/Manifest.lock",
			);
			name = "[CP] Check Pods Manifest.lock";
			outputFileListPaths = (
			);
			outputPaths = (
				"$(DERIVED_FILE_DIR)/Pods-Distance-checkManifestLockResult.txt",
			);
			runOnlyForDeploymentPostprocessing = 0;
			shellPath = /bin/sh;
			shellScript = "diff \"${PODS_PODFILE_DIR_PATH}/Podfile.lock\" \"${PODS_ROOT}/Manifest.lock\" > /dev/null\nif [ $? != 0 ] ; then\n    # print error to STDERR\n    echo \"error: The sandbox is not in sync with the Podfile.lock. Run 'pod install' or update your CocoaPods installation.\" >&2\n    exit 1\nfi\n# This output is used by Xcode 'outputs' to avoid re-running this script phase.\necho \"SUCCESS\" > \"${SCRIPT_OUTPUT_FILE_0}\"\n";
			showEnvVarsInLog = 0;
		};
/* End PBXShellScriptBuildPhase section */

/* Begin PBXSourcesBuildPhase section */
		70BC8C7A2326778B006CD21E /* Sources */ = {
			isa = PBXSourcesBuildPhase;
			buildActionMask = 2147483647;
			files = (
				70F08825232697D9008919CE /* FlexBaseWithoutNaviViewController.m in Sources */,
				B72287D5237E3A6800AE345D /* BGTaskManager.m in Sources */,
				B7606D5523278D4D00401830 /* DisLocationUpdateReq.m in Sources */,
				B7E50478237407C900B28D20 /* PRMovePathViewController.m in Sources */,
				70BC8C862326778B006CD21E /* ViewController.m in Sources */,
				B7E504752373FAE600B28D20 /* DisLog.m in Sources */,
				70BC8C912326778C006CD21E /* main.m in Sources */,
				B7606D5223277D4B00401830 /* MainViewModel.m in Sources */,
				70F0882923269854008919CE /* tools.m in Sources */,
				70F08823232697D9008919CE /* FlexBaseWithNaviViewController.m in Sources */,
				70F08815232696F2008919CE /* DisLoginController.m in Sources */,
				B7606D4C23277A5B00401830 /* DistanceModel.m in Sources */,
				B7606D5923279C9200401830 /* UIScrollView+MJRefreshEX.m in Sources */,
				70F08824232697D9008919CE /* FlexBasePresentViewController.m in Sources */,
				B7606D2A2327420B00401830 /* DISUserInfo.m in Sources */,
				B7606D2F23274D2700401830 /* LoginViewModel.m in Sources */,
				70F08821232697D9008919CE /* TYSPNaviBar.m in Sources */,
				70BC8C832326778B006CD21E /* AppDelegate.m in Sources */,
				B7606D482327795B00401830 /* DistanceTableCell.m in Sources */,
				B7606D4F23277B2900401830 /* DistanceListReqest.m in Sources */,
				B7606D362327722D00401830 /* DisLocationManager.m in Sources */,
				B7606D432327794900401830 /* DistanceListTableView.m in Sources */,
				B72287D8237E77C700AE345D /* BgDispatchTimer.m in Sources */,
				70F0880F23269503008919CE /* TYCommonRequest.m in Sources */,
				B7606D3C232777CD00401830 /* MainViewController.m in Sources */,
				B7606D3223274FD500401830 /* DisLoginReqest.m in Sources */,
			);
			runOnlyForDeploymentPostprocessing = 0;
		};
		70BC8C922326778C006CD21E /* Sources */ = {
			isa = PBXSourcesBuildPhase;
			buildActionMask = 2147483647;
			files = (
				70BC8C9B2326778C006CD21E /* DistanceTests.m in Sources */,
			);
			runOnlyForDeploymentPostprocessing = 0;
		};
		70BC8C9D2326778C006CD21E /* Sources */ = {
			isa = PBXSourcesBuildPhase;
			buildActionMask = 2147483647;
			files = (
				70BC8CA62326778C006CD21E /* DistanceUITests.m in Sources */,
			);
			runOnlyForDeploymentPostprocessing = 0;
		};
/* End PBXSourcesBuildPhase section */

/* Begin PBXTargetDependency section */
		70BC8C982326778C006CD21E /* PBXTargetDependency */ = {
			isa = PBXTargetDependency;
			target = 70BC8C7D2326778B006CD21E /* Distance */;
			targetProxy = 70BC8C972326778C006CD21E /* PBXContainerItemProxy */;
		};
		70BC8CA32326778C006CD21E /* PBXTargetDependency */ = {
			isa = PBXTargetDependency;
			target = 70BC8C7D2326778B006CD21E /* Distance */;
			targetProxy = 70BC8CA22326778C006CD21E /* PBXContainerItemProxy */;
		};
/* End PBXTargetDependency section */

/* Begin PBXVariantGroup section */
		70BC8C872326778B006CD21E /* Main.storyboard */ = {
			isa = PBXVariantGroup;
			children = (
				70BC8C882326778B006CD21E /* Base */,
			);
			name = Main.storyboard;
			sourceTree = "<group>";
		};
		70BC8C8C2326778C006CD21E /* LaunchScreen.storyboard */ = {
			isa = PBXVariantGroup;
			children = (
				70BC8C8D2326778C006CD21E /* Base */,
			);
			name = LaunchScreen.storyboard;
			sourceTree = "<group>";
		};
/* End PBXVariantGroup section */

/* Begin XCBuildConfiguration section */
		70BC8CA82326778C006CD21E /* Debug */ = {
			isa = XCBuildConfiguration;
			buildSettings = {
				ALWAYS_SEARCH_USER_PATHS = NO;
				CLANG_ANALYZER_NONNULL = YES;
				CLANG_ANALYZER_NUMBER_OBJECT_CONVERSION = YES_AGGRESSIVE;
				CLANG_CXX_LANGUAGE_STANDARD = "gnu++14";
				CLANG_CXX_LIBRARY = "libc++";
				CLANG_ENABLE_MODULES = YES;
				CLANG_ENABLE_OBJC_ARC = YES;
				CLANG_ENABLE_OBJC_WEAK = YES;
				CLANG_WARN_BLOCK_CAPTURE_AUTORELEASING = YES;
				CLANG_WARN_BOOL_CONVERSION = YES;
				CLANG_WARN_COMMA = YES;
				CLANG_WARN_CONSTANT_CONVERSION = YES;
				CLANG_WARN_DEPRECATED_OBJC_IMPLEMENTATIONS = YES;
				CLANG_WARN_DIRECT_OBJC_ISA_USAGE = YES_ERROR;
				CLANG_WARN_DOCUMENTATION_COMMENTS = YES;
				CLANG_WARN_EMPTY_BODY = YES;
				CLANG_WARN_ENUM_CONVERSION = YES;
				CLANG_WARN_INFINITE_RECURSION = YES;
				CLANG_WARN_INT_CONVERSION = YES;
				CLANG_WARN_NON_LITERAL_NULL_CONVERSION = YES;
				CLANG_WARN_OBJC_IMPLICIT_RETAIN_SELF = YES;
				CLANG_WARN_OBJC_LITERAL_CONVERSION = YES;
				CLANG_WARN_OBJC_ROOT_CLASS = YES_ERROR;
				CLANG_WARN_RANGE_LOOP_ANALYSIS = YES;
				CLANG_WARN_STRICT_PROTOTYPES = YES;
				CLANG_WARN_SUSPICIOUS_MOVE = YES;
				CLANG_WARN_UNGUARDED_AVAILABILITY = YES_AGGRESSIVE;
				CLANG_WARN_UNREACHABLE_CODE = YES;
				CLANG_WARN__DUPLICATE_METHOD_MATCH = YES;
				CODE_SIGN_IDENTITY = "iPhone Developer";
				COPY_PHASE_STRIP = NO;
				DEBUG_INFORMATION_FORMAT = dwarf;
				ENABLE_STRICT_OBJC_MSGSEND = YES;
				ENABLE_TESTABILITY = YES;
				GCC_C_LANGUAGE_STANDARD = gnu11;
				GCC_DYNAMIC_NO_PIC = NO;
				GCC_NO_COMMON_BLOCKS = YES;
				GCC_OPTIMIZATION_LEVEL = 0;
				GCC_PREPROCESSOR_DEFINITIONS = (
					"DEBUG=1",
					"$(inherited)",
				);
				GCC_WARN_64_TO_32_BIT_CONVERSION = YES;
				GCC_WARN_ABOUT_RETURN_TYPE = YES_ERROR;
				GCC_WARN_UNDECLARED_SELECTOR = YES;
				GCC_WARN_UNINITIALIZED_AUTOS = YES_AGGRESSIVE;
				GCC_WARN_UNUSED_FUNCTION = YES;
				GCC_WARN_UNUSED_VARIABLE = YES;
				IPHONEOS_DEPLOYMENT_TARGET = 12.1;
				MTL_ENABLE_DEBUG_INFO = INCLUDE_SOURCE;
				MTL_FAST_MATH = YES;
				ONLY_ACTIVE_ARCH = YES;
				SDKROOT = iphoneos;
			};
			name = Debug;
		};
		70BC8CA92326778C006CD21E /* Release */ = {
			isa = XCBuildConfiguration;
			buildSettings = {
				ALWAYS_SEARCH_USER_PATHS = NO;
				CLANG_ANALYZER_NONNULL = YES;
				CLANG_ANALYZER_NUMBER_OBJECT_CONVERSION = YES_AGGRESSIVE;
				CLANG_CXX_LANGUAGE_STANDARD = "gnu++14";
				CLANG_CXX_LIBRARY = "libc++";
				CLANG_ENABLE_MODULES = YES;
				CLANG_ENABLE_OBJC_ARC = YES;
				CLANG_ENABLE_OBJC_WEAK = YES;
				CLANG_WARN_BLOCK_CAPTURE_AUTORELEASING = YES;
				CLANG_WARN_BOOL_CONVERSION = YES;
				CLANG_WARN_COMMA = YES;
				CLANG_WARN_CONSTANT_CONVERSION = YES;
				CLANG_WARN_DEPRECATED_OBJC_IMPLEMENTATIONS = YES;
				CLANG_WARN_DIRECT_OBJC_ISA_USAGE = YES_ERROR;
				CLANG_WARN_DOCUMENTATION_COMMENTS = YES;
				CLANG_WARN_EMPTY_BODY = YES;
				CLANG_WARN_ENUM_CONVERSION = YES;
				CLANG_WARN_INFINITE_RECURSION = YES;
				CLANG_WARN_INT_CONVERSION = YES;
				CLANG_WARN_NON_LITERAL_NULL_CONVERSION = YES;
				CLANG_WARN_OBJC_IMPLICIT_RETAIN_SELF = YES;
				CLANG_WARN_OBJC_LITERAL_CONVERSION = YES;
				CLANG_WARN_OBJC_ROOT_CLASS = YES_ERROR;
				CLANG_WARN_RANGE_LOOP_ANALYSIS = YES;
				CLANG_WARN_STRICT_PROTOTYPES = YES;
				CLANG_WARN_SUSPICIOUS_MOVE = YES;
				CLANG_WARN_UNGUARDED_AVAILABILITY = YES_AGGRESSIVE;
				CLANG_WARN_UNREACHABLE_CODE = YES;
				CLANG_WARN__DUPLICATE_METHOD_MATCH = YES;
				CODE_SIGN_IDENTITY = "iPhone Developer";
				COPY_PHASE_STRIP = NO;
				DEBUG_INFORMATION_FORMAT = "dwarf-with-dsym";
				ENABLE_NS_ASSERTIONS = NO;
				ENABLE_STRICT_OBJC_MSGSEND = YES;
				GCC_C_LANGUAGE_STANDARD = gnu11;
				GCC_NO_COMMON_BLOCKS = YES;
				GCC_WARN_64_TO_32_BIT_CONVERSION = YES;
				GCC_WARN_ABOUT_RETURN_TYPE = YES_ERROR;
				GCC_WARN_UNDECLARED_SELECTOR = YES;
				GCC_WARN_UNINITIALIZED_AUTOS = YES_AGGRESSIVE;
				GCC_WARN_UNUSED_FUNCTION = YES;
				GCC_WARN_UNUSED_VARIABLE = YES;
				IPHONEOS_DEPLOYMENT_TARGET = 12.1;
				MTL_ENABLE_DEBUG_INFO = NO;
				MTL_FAST_MATH = YES;
				SDKROOT = iphoneos;
				VALIDATE_PRODUCT = YES;
			};
			name = Release;
		};
		70BC8CAB2326778C006CD21E /* Debug */ = {
			isa = XCBuildConfiguration;
			baseConfigurationReference = 0866AE48D1F406BA5E1B77C4 /* Pods-Distance.debug.xcconfig */;
			buildSettings = {
				ASSETCATALOG_COMPILER_APPICON_NAME = AppIcon;
				CODE_SIGN_STYLE = Automatic;
				DEFINES_MODULE = YES;
				DEVELOPMENT_TEAM = 429WZWZX68;
				GCC_INCREASE_PRECOMPILED_HEADER_SHARING = NO;
				GCC_PRECOMPILE_PREFIX_HEADER = YES;
				GCC_PREFIX_HEADER = "$(SRCROOT)/Distance/DistancePch.pch";
				INFOPLIST_FILE = Distance/Info.plist;
				IPHONEOS_DEPLOYMENT_TARGET = 11.0;
				LD_RUNPATH_SEARCH_PATHS = (
					"$(inherited)",
					"@executable_path/Frameworks",
				);
				PRODUCT_BUNDLE_IDENTIFIER = com.rank.Distance;
				PRODUCT_NAME = "$(TARGET_NAME)";
				TARGETED_DEVICE_FAMILY = "1,2";
			};
			name = Debug;
		};
		70BC8CAC2326778C006CD21E /* Release */ = {
			isa = XCBuildConfiguration;
			baseConfigurationReference = EBBA4DCCFFDF6EE386A18D9A /* Pods-Distance.release.xcconfig */;
			buildSettings = {
				ASSETCATALOG_COMPILER_APPICON_NAME = AppIcon;
				CODE_SIGN_STYLE = Automatic;
				DEFINES_MODULE = YES;
				DEVELOPMENT_TEAM = 429WZWZX68;
				GCC_INCREASE_PRECOMPILED_HEADER_SHARING = NO;
				GCC_PRECOMPILE_PREFIX_HEADER = YES;
				GCC_PREFIX_HEADER = "$(SRCROOT)/Distance/DistancePch.pch";
				INFOPLIST_FILE = Distance/Info.plist;
				IPHONEOS_DEPLOYMENT_TARGET = 11.0;
				LD_RUNPATH_SEARCH_PATHS = (
					"$(inherited)",
					"@executable_path/Frameworks",
				);
				PRODUCT_BUNDLE_IDENTIFIER = com.rank.Distance;
				PRODUCT_NAME = "$(TARGET_NAME)";
				TARGETED_DEVICE_FAMILY = "1,2";
			};
			name = Release;
		};
		70BC8CAE2326778C006CD21E /* Debug */ = {
			isa = XCBuildConfiguration;
			buildSettings = {
				BUNDLE_LOADER = "$(TEST_HOST)";
				CODE_SIGN_STYLE = Automatic;
				DEVELOPMENT_TEAM = 429WZWZX68;
				INFOPLIST_FILE = DistanceTests/Info.plist;
				LD_RUNPATH_SEARCH_PATHS = (
					"$(inherited)",
					"@executable_path/Frameworks",
					"@loader_path/Frameworks",
				);
				PRODUCT_BUNDLE_IDENTIFIER = com.rank.DistanceTests;
				PRODUCT_NAME = "$(TARGET_NAME)";
				TARGETED_DEVICE_FAMILY = "1,2";
				TEST_HOST = "$(BUILT_PRODUCTS_DIR)/Distance.app/Distance";
			};
			name = Debug;
		};
		70BC8CAF2326778C006CD21E /* Release */ = {
			isa = XCBuildConfiguration;
			buildSettings = {
				BUNDLE_LOADER = "$(TEST_HOST)";
				CODE_SIGN_STYLE = Automatic;
				DEVELOPMENT_TEAM = 429WZWZX68;
				INFOPLIST_FILE = DistanceTests/Info.plist;
				LD_RUNPATH_SEARCH_PATHS = (
					"$(inherited)",
					"@executable_path/Frameworks",
					"@loader_path/Frameworks",
				);
				PRODUCT_BUNDLE_IDENTIFIER = com.rank.DistanceTests;
				PRODUCT_NAME = "$(TARGET_NAME)";
				TARGETED_DEVICE_FAMILY = "1,2";
				TEST_HOST = "$(BUILT_PRODUCTS_DIR)/Distance.app/Distance";
			};
			name = Release;
		};
		70BC8CB12326778C006CD21E /* Debug */ = {
			isa = XCBuildConfiguration;
			buildSettings = {
				CODE_SIGN_STYLE = Automatic;
				DEVELOPMENT_TEAM = 429WZWZX68;
				INFOPLIST_FILE = DistanceUITests/Info.plist;
				LD_RUNPATH_SEARCH_PATHS = (
					"$(inherited)",
					"@executable_path/Frameworks",
					"@loader_path/Frameworks",
				);
				PRODUCT_BUNDLE_IDENTIFIER = com.rank.DistanceUITests;
				PRODUCT_NAME = "$(TARGET_NAME)";
				TARGETED_DEVICE_FAMILY = "1,2";
				TEST_TARGET_NAME = Distance;
			};
			name = Debug;
		};
		70BC8CB22326778C006CD21E /* Release */ = {
			isa = XCBuildConfiguration;
			buildSettings = {
				CODE_SIGN_STYLE = Automatic;
				DEVELOPMENT_TEAM = 429WZWZX68;
				INFOPLIST_FILE = DistanceUITests/Info.plist;
				LD_RUNPATH_SEARCH_PATHS = (
					"$(inherited)",
					"@executable_path/Frameworks",
					"@loader_path/Frameworks",
				);
				PRODUCT_BUNDLE_IDENTIFIER = com.rank.DistanceUITests;
				PRODUCT_NAME = "$(TARGET_NAME)";
				TARGETED_DEVICE_FAMILY = "1,2";
				TEST_TARGET_NAME = Distance;
			};
			name = Release;
		};
/* End XCBuildConfiguration section */

/* Begin XCConfigurationList section */
		70BC8C792326778B006CD21E /* Build configuration list for PBXProject "Distance" */ = {
			isa = XCConfigurationList;
			buildConfigurations = (
				70BC8CA82326778C006CD21E /* Debug */,
				70BC8CA92326778C006CD21E /* Release */,
			);
			defaultConfigurationIsVisible = 0;
			defaultConfigurationName = Release;
		};
		70BC8CAA2326778C006CD21E /* Build configuration list for PBXNativeTarget "Distance" */ = {
			isa = XCConfigurationList;
			buildConfigurations = (
				70BC8CAB2326778C006CD21E /* Debug */,
				70BC8CAC2326778C006CD21E /* Release */,
			);
			defaultConfigurationIsVisible = 0;
			defaultConfigurationName = Release;
		};
		70BC8CAD2326778C006CD21E /* Build configuration list for PBXNativeTarget "DistanceTests" */ = {
			isa = XCConfigurationList;
			buildConfigurations = (
				70BC8CAE2326778C006CD21E /* Debug */,
				70BC8CAF2326778C006CD21E /* Release */,
			);
			defaultConfigurationIsVisible = 0;
			defaultConfigurationName = Release;
		};
		70BC8CB02326778C006CD21E /* Build configuration list for PBXNativeTarget "DistanceUITests" */ = {
			isa = XCConfigurationList;
			buildConfigurations = (
				70BC8CB12326778C006CD21E /* Debug */,
				70BC8CB22326778C006CD21E /* Release */,
			);
			defaultConfigurationIsVisible = 0;
			defaultConfigurationName = Release;
		};
/* End XCConfigurationList section */
	};
	rootObject = 70BC8C762326778B006CD21E /* Project object */;
}
